
Microsoft Visual Studio Solution File, Format Version 12.00
# Visual Studio Version 17
VisualStudioVersion = 17.3.32929.385
MinimumVisualStudioVersion = 10.0.40219.1
Project("{FAE04EC0-301F-11D3-BF4B-00C04F79EFBC}") = "CafeteriaManagementSystem", "CafeteriaManagementSystem.csproj", "{55E4BCF5-41C3-44C3-A71D-8E359D9FAE97}"
EndProject
Global
	GlobalSection(SolutionConfigurationPlatforms) = preSolution
		Debug|Any CPU = Debug|Any CPU
		Release|Any CPU = Release|Any CPU
	EndGlobalSection
	GlobalSection(ProjectConfigurationPlatforms) = postSolution
		{55E4BCF5-41C3-44C3-A71D-8E359D9FAE97}.Debug|Any CPU.ActiveCfg = Debug|Any CPU
		{55E4BCF5-41C3-44C3-A71D-8E359D9FAE97}.Debug|Any CPU.Build.0 = Debug|Any CPU
		{55E4BCF5-41C3-44C3-A71D-8E359D9FAE97}.Release|Any CPU.ActiveCfg = Release|Any CPU
		{55E4BCF5-41C3-44C3-A71D-8E359D9FAE97}.Release|Any CPU.Build.0 = Release|Any CPU
	EndGlobalSection
	GlobalSection(SolutionProperties) = preSolution
		HideSolutionNode = FALSE
	EndGlobalSection
	GlobalSection(ExtensibilityGlobals) = postSolution
		SolutionGuid = {F4814F08-05B2-4D82-9B05-D24C7CED7122}
	EndGlobalSection
EndGlobal
